PODS:
  - Alamofire (3.5.1)
  - ResearchKit (1.3.1)
  - ResearchNet (0.1.1):
    - Alamofire (~> 3.5)
    - SwiftyJSON (~> 2.4)
  - SwiftyJSON (2.4.0)

DEPENDENCIES:
  - ResearchKit (= 1.3.1)
  - ResearchNet (from `~/Repository/ResearchnetSDK-IOS/`)

EXTERNAL SOURCES:
  ResearchNet:
    :path: "~/Repository/ResearchnetSDK-IOS/"

SPEC CHECKSUMS:
  Alamofire: 0dfba1184a543e2aa160f4e39cac4e8aba48d223
  ResearchKit: badba0340dd71d1cbab4789a0bf01b26022b8f94
  ResearchNet: 3c79538f217c836855298ccb13d533c089709ab4
  SwiftyJSON: 96918c1bf505efa50c4f72957018dd3452090c9c

PODFILE CHECKSUM: 86307a6f089772c88eabb7e6bdf8d981c7fd0163

COCOAPODS: 1.1.1
