PODS:
  - Alamofire (3.1.5)
  - ResearchKit (1.3.0)
  - ResearchNet (0.1.0):
    - Alamofire (~> 3.1.5)
    - SwiftyJSON (~> 2.3.1)
  - SwiftyJSON (2.3.2)

DEPENDENCIES:
  - ResearchKit (= 1.3.0)
  - ResearchNet (from `https://bitbucket.org/rcdrti/researchnetsdk-ios.git`)

EXTERNAL SOURCES:
  ResearchNet:
    :git: https://bitbucket.org/rcdrti/researchnetsdk-ios.git

CHECKOUT OPTIONS:
  ResearchNet:
    :commit: f0b2345c4d122f85a0d7e9551ba6920ffd089c72
    :git: https://bitbucket.org/rcdrti/researchnetsdk-ios.git

SPEC CHECKSUMS:
  Alamofire: 5f730ba29fd113b7ddd71c1e65d0c630acf5d7b0
  ResearchKit: 934a1efefed1a3a9150002a1e4b123d0c86c3f2e
  ResearchNet: bea3e9bdff6bd2da9310ce55158086eeca53bf5b
  SwiftyJSON: 04ccea08915aa0109039157c7974cf0298da292a

COCOAPODS: 0.39.0
