// !$*UTF8*$!
{
	archiveVersion = 1;
	classes = {
	};
	objectVersion = 46;
	objects = {

/* Begin PBXBuildFile section */
		4B03D09E1CB5B4E1003ACFD2 /* AppDelegate.swift in Sources */ = {isa = PBXBuildFile; fileRef = 4B03D09D1CB5B4E1003ACFD2 /* AppDelegate.swift */; };
		4B03D0A01CB5B4E1003ACFD2 /* ViewController.swift in Sources */ = {isa = PBXBuildFile; fileRef = 4B03D09F1CB5B4E1003ACFD2 /* ViewController.swift */; };
		4B03D0A31CB5B4E1003ACFD2 /* Main.storyboard in Resources */ = {isa = PBXBuildFile; fileRef = 4B03D0A11CB5B4E1003ACFD2 /* Main.storyboard */; };
		4B03D0A61CB5B4E1003ACFD2 /* workaday.xcdatamodeld in Sources */ = {isa = PBXBuildFile; fileRef = 4B03D0A41CB5B4E1003ACFD2 /* workaday.xcdatamodeld */; };
		4B03D0A81CB5B4E1003ACFD2 /* Assets.xcassets in Resources */ = {isa = PBXBuildFile; fileRef = 4B03D0A71CB5B4E1003ACFD2 /* Assets.xcassets */; };
		4B03D0AB1CB5B4E1003ACFD2 /* LaunchScreen.storyboard in Resources */ = {isa = PBXBuildFile; fileRef = 4B03D0A91CB5B4E1003ACFD2 /* LaunchScreen.storyboard */; };
		4B03D0B61CB5B4E1003ACFD2 /* workadayTests.swift in Sources */ = {isa = PBXBuildFile; fileRef = 4B03D0B51CB5B4E1003ACFD2 /* workadayTests.swift */; };
		4B03D0C11CB5B4E1003ACFD2 /* workadayUITests.swift in Sources */ = {isa = PBXBuildFile; fileRef = 4B03D0C01CB5B4E1003ACFD2 /* workadayUITests.swift */; };
		92D6A1AB4CAA6774CB643BD6 /* Pods_workadayTests.framework in Frameworks */ = {isa = PBXBuildFile; fileRef = BC3DE1A8E096047A139C5921 /* Pods_workadayTests.framework */; };
		CC5ACDB158FFECEEF7F83358 /* Pods_workaday.framework in Frameworks */ = {isa = PBXBuildFile; fileRef = 7EF8156DA4F26E6BC33E4A1F /* Pods_workaday.framework */; };
/* End PBXBuildFile section */

/* Begin PBXContainerItemProxy section */
		4B03D0B21CB5B4E1003ACFD2 /* PBXContainerItemProxy */ = {
			isa = PBXContainerItemProxy;
			containerPortal = 4B03D0921CB5B4E1003ACFD2 /* Project object */;
			proxyType = 1;
			remoteGlobalIDString = 4B03D0991CB5B4E1003ACFD2;
			remoteInfo = workaday;
		};
		4B03D0BD1CB5B4E1003ACFD2 /* PBXContainerItemProxy */ = {
			isa = PBXContainerItemProxy;
			containerPortal = 4B03D0921CB5B4E1003ACFD2 /* Project object */;
			proxyType = 1;
			remoteGlobalIDString = 4B03D0991CB5B4E1003ACFD2;
			remoteInfo = workaday;
		};
/* End PBXContainerItemProxy section */

/* Begin PBXFileReference section */
		3B273FA456A2446D8C6404B2 /* Pods-workadayTests.debug.xcconfig */ = {isa = PBXFileReference; includeInIndex = 1; lastKnownFileType = text.xcconfig; name = "Pods-workadayTests.debug.xcconfig"; path = "Pods/Target Support Files/Pods-workadayTests/Pods-workadayTests.debug.xcconfig"; sourceTree = "<group>"; };
		4B03D09A1CB5B4E1003ACFD2 /* workaday.app */ = {isa = PBXFileReference; explicitFileType = wrapper.application; includeInIndex = 0; path = workaday.app; sourceTree = BUILT_PRODUCTS_DIR; };
		4B03D09D1CB5B4E1003ACFD2 /* AppDelegate.swift */ = {isa = PBXFileReference; lastKnownFileType = sourcecode.swift; path = AppDelegate.swift; sourceTree = "<group>"; };
		4B03D09F1CB5B4E1003ACFD2 /* ViewController.swift */ = {isa = PBXFileReference; lastKnownFileType = sourcecode.swift; path = ViewController.swift; sourceTree = "<group>"; };
		4B03D0A21CB5B4E1003ACFD2 /* Base */ = {isa = PBXFileReference; lastKnownFileType = file.storyboard; name = Base; path = Base.lproj/Main.storyboard; sourceTree = "<group>"; };
		4B03D0A51CB5B4E1003ACFD2 /* workaday.xcdatamodel */ = {isa = PBXFileReference; lastKnownFileType = wrapper.xcdatamodel; path = workaday.xcdatamodel; sourceTree = "<group>"; };
		4B03D0A71CB5B4E1003ACFD2 /* Assets.xcassets */ = {isa = PBXFileReference; lastKnownFileType = folder.assetcatalog; path = Assets.xcassets; sourceTree = "<group>"; };
		4B03D0AA1CB5B4E1003ACFD2 /* Base */ = {isa = PBXFileReference; lastKnownFileType = file.storyboard; name = Base; path = Base.lproj/LaunchScreen.storyboard; sourceTree = "<group>"; };
		4B03D0AC1CB5B4E1003ACFD2 /* Info.plist */ = {isa = PBXFileReference; lastKnownFileType = text.plist.xml; path = Info.plist; sourceTree = "<group>"; };
		4B03D0B11CB5B4E1003ACFD2 /* workadayTests.xctest */ = {isa = PBXFileReference; explicitFileType = wrapper.cfbundle; includeInIndex = 0; path = workadayTests.xctest; sourceTree = BUILT_PRODUCTS_DIR; };
		4B03D0B51CB5B4E1003ACFD2 /* workadayTests.swift */ = {isa = PBXFileReference; lastKnownFileType = sourcecode.swift; path = workadayTests.swift; sourceTree = "<group>"; };
		4B03D0B71CB5B4E1003ACFD2 /* Info.plist */ = {isa = PBXFileReference; lastKnownFileType = text.plist.xml; path = Info.plist; sourceTree = "<group>"; };
		4B03D0BC1CB5B4E1003ACFD2 /* workadayUITests.xctest */ = {isa = PBXFileReference; explicitFileType = wrapper.cfbundle; includeInIndex = 0; path = workadayUITests.xctest; sourceTree = BUILT_PRODUCTS_DIR; };
		4B03D0C01CB5B4E1003ACFD2 /* workadayUITests.swift */ = {isa = PBXFileReference; lastKnownFileType = sourcecode.swift; path = workadayUITests.swift; sourceTree = "<group>"; };
		4B03D0C21CB5B4E1003ACFD2 /* Info.plist */ = {isa = PBXFileReference; lastKnownFileType = text.plist.xml; path = Info.plist; sourceTree = "<group>"; };
		717D0C0125A566E34932B8F8 /* Pods-workadayTests.release.xcconfig */ = {isa = PBXFileReference; includeInIndex = 1; lastKnownFileType = text.xcconfig; name = "Pods-workadayTests.release.xcconfig"; path = "Pods/Target Support Files/Pods-workadayTests/Pods-workadayTests.release.xcconfig"; sourceTree = "<group>"; };
		7EF8156DA4F26E6BC33E4A1F /* Pods_workaday.framework */ = {isa = PBXFileReference; explicitFileType = wrapper.framework; includeInIndex = 0; path = Pods_workaday.framework; sourceTree = BUILT_PRODUCTS_DIR; };
		9712226E4922783444984808 /* Pods-workaday.debug.xcconfig */ = {isa = PBXFileReference; includeInIndex = 1; lastKnownFileType = text.xcconfig; name = "Pods-workaday.debug.xcconfig"; path = "Pods/Target Support Files/Pods-workaday/Pods-workaday.debug.xcconfig"; sourceTree = "<group>"; };
		BC3DE1A8E096047A139C5921 /* Pods_workadayTests.framework */ = {isa = PBXFileReference; explicitFileType = wrapper.framework; includeInIndex = 0; path = Pods_workadayTests.framework; sourceTree = BUILT_PRODUCTS_DIR; };
		ECFEF57D79447928562C2967 /* Pods-workaday.release.xcconfig */ = {isa = PBXFileReference; includeInIndex = 1; lastKnownFileType = text.xcconfig; name = "Pods-workaday.release.xcconfig"; path = "Pods/Target Support Files/Pods-workaday/Pods-workaday.release.xcconfig"; sourceTree = "<group>"; };
/* End PBXFileReference section */

/* Begin PBXFrameworksBuildPhase section */
		4B03D0971CB5B4E1003ACFD2 /* Frameworks */ = {
			isa = PBXFrameworksBuildPhase;
			buildActionMask = 2147483647;
			files = (
				CC5ACDB158FFECEEF7F83358 /* Pods_workaday.framework in Frameworks */,
			);
			runOnlyForDeploymentPostprocessing = 0;
		};
		4B03D0AE1CB5B4E1003ACFD2 /* Frameworks */ = {
			isa = PBXFrameworksBuildPhase;
			buildActionMask = 2147483647;
			files = (
				92D6A1AB4CAA6774CB643BD6 /* Pods_workadayTests.framework in Frameworks */,
			);
			runOnlyForDeploymentPostprocessing = 0;
		};
		4B03D0B91CB5B4E1003ACFD2 /* Frameworks */ = {
			isa = PBXFrameworksBuildPhase;
			buildActionMask = 2147483647;
			files = (
			);
			runOnlyForDeploymentPostprocessing = 0;
		};
/* End PBXFrameworksBuildPhase section */

/* Begin PBXGroup section */
		4B03D0911CB5B4E1003ACFD2 = {
			isa = PBXGroup;
			children = (
				4B03D09C1CB5B4E1003ACFD2 /* workaday */,
				4B03D0B41CB5B4E1003ACFD2 /* workadayTests */,
				4B03D0BF1CB5B4E1003ACFD2 /* workadayUITests */,
				4B03D09B1CB5B4E1003ACFD2 /* Products */,
				C426C041531E76BA8FF12997 /* Pods */,
				CC4F9973AF69AAEEE64C5C4F /* Frameworks */,
			);
			sourceTree = "<group>";
		};
		4B03D09B1CB5B4E1003ACFD2 /* Products */ = {
			isa = PBXGroup;
			children = (
				4B03D09A1CB5B4E1003ACFD2 /* workaday.app */,
				4B03D0B11CB5B4E1003ACFD2 /* workadayTests.xctest */,
				4B03D0BC1CB5B4E1003ACFD2 /* workadayUITests.xctest */,
			);
			name = Products;
			sourceTree = "<group>";
		};
		4B03D09C1CB5B4E1003ACFD2 /* workaday */ = {
			isa = PBXGroup;
			children = (
				4B03D09D1CB5B4E1003ACFD2 /* AppDelegate.swift */,
				4B03D09F1CB5B4E1003ACFD2 /* ViewController.swift */,
				4B03D0A11CB5B4E1003ACFD2 /* Main.storyboard */,
				4B03D0A71CB5B4E1003ACFD2 /* Assets.xcassets */,
				4B03D0A91CB5B4E1003ACFD2 /* LaunchScreen.storyboard */,
				4B03D0AC1CB5B4E1003ACFD2 /* Info.plist */,
				4B03D0A41CB5B4E1003ACFD2 /* workaday.xcdatamodeld */,
			);
			path = workaday;
			sourceTree = "<group>";
		};
		4B03D0B41CB5B4E1003ACFD2 /* workadayTests */ = {
			isa = PBXGroup;
			children = (
				4B03D0B51CB5B4E1003ACFD2 /* workadayTests.swift */,
				4B03D0B71CB5B4E1003ACFD2 /* Info.plist */,
			);
			path = workadayTests;
			sourceTree = "<group>";
		};
		4B03D0BF1CB5B4E1003ACFD2 /* workadayUITests */ = {
			isa = PBXGroup;
			children = (
				4B03D0C01CB5B4E1003ACFD2 /* workadayUITests.swift */,
				4B03D0C21CB5B4E1003ACFD2 /* Info.plist */,
			);
			path = workadayUITests;
			sourceTree = "<group>";
		};
		C426C041531E76BA8FF12997 /* Pods */ = {
			isa = PBXGroup;
			children = (
				9712226E4922783444984808 /* Pods-workaday.debug.xcconfig */,
				ECFEF57D79447928562C2967 /* Pods-workaday.release.xcconfig */,
				3B273FA456A2446D8C6404B2 /* Pods-workadayTests.debug.xcconfig */,
				717D0C0125A566E34932B8F8 /* Pods-workadayTests.release.xcconfig */,
			);
			name = Pods;
			sourceTree = "<group>";
		};
		CC4F9973AF69AAEEE64C5C4F /* Frameworks */ = {
			isa = PBXGroup;
			children = (
				7EF8156DA4F26E6BC33E4A1F /* Pods_workaday.framework */,
				BC3DE1A8E096047A139C5921 /* Pods_workadayTests.framework */,
			);
			name = Frameworks;
			sourceTree = "<group>";
		};
/* End PBXGroup section */

/* Begin PBXNativeTarget section */
		4B03D0991CB5B4E1003ACFD2 /* workaday */ = {
			isa = PBXNativeTarget;
			buildConfigurationList = 4B03D0C51CB5B4E1003ACFD2 /* Build configuration list for PBXNativeTarget "workaday" */;
			buildPhases = (
				84F9BC0505AD239811727AB3 /* Check Pods Manifest.lock */,
				4B03D0961CB5B4E1003ACFD2 /* Sources */,
				4B03D0971CB5B4E1003ACFD2 /* Frameworks */,
				4B03D0981CB5B4E1003ACFD2 /* Resources */,
				5BB07D444A9DFD8AC2BD83F5 /* Embed Pods Frameworks */,
				AEA271CBDE2467D460EA5DB9 /* Copy Pods Resources */,
			);
			buildRules = (
			);
			dependencies = (
			);
			name = workaday;
			productName = workaday;
			productReference = 4B03D09A1CB5B4E1003ACFD2 /* workaday.app */;
			productType = "com.apple.product-type.application";
		};
		4B03D0B01CB5B4E1003ACFD2 /* workadayTests */ = {
			isa = PBXNativeTarget;
			buildConfigurationList = 4B03D0C81CB5B4E1003ACFD2 /* Build configuration list for PBXNativeTarget "workadayTests" */;
			buildPhases = (
				2AA38DD1E18F48BA2FCB79CB /* Check Pods Manifest.lock */,
				4B03D0AD1CB5B4E1003ACFD2 /* Sources */,
				4B03D0AE1CB5B4E1003ACFD2 /* Frameworks */,
				4B03D0AF1CB5B4E1003ACFD2 /* Resources */,
				F39DE390743487667F7835C6 /* Embed Pods Frameworks */,
				6664B7ED6AF7D714D0387012 /* Copy Pods Resources */,
			);
			buildRules = (
			);
			dependencies = (
				4B03D0B31CB5B4E1003ACFD2 /* PBXTargetDependency */,
			);
			name = workadayTests;
			productName = workadayTests;
			productReference = 4B03D0B11CB5B4E1003ACFD2 /* workadayTests.xctest */;
			productType = "com.apple.product-type.bundle.unit-test";
		};
		4B03D0BB1CB5B4E1003ACFD2 /* workadayUITests */ = {
			isa = PBXNativeTarget;
			buildConfigurationList = 4B03D0CB1CB5B4E1003ACFD2 /* Build configuration list for PBXNativeTarget "workadayUITests" */;
			buildPhases = (
				4B03D0B81CB5B4E1003ACFD2 /* Sources */,
				4B03D0B91CB5B4E1003ACFD2 /* Frameworks */,
				4B03D0BA1CB5B4E1003ACFD2 /* Resources */,
			);
			buildRules = (
			);
			dependencies = (
				4B03D0BE1CB5B4E1003ACFD2 /* PBXTargetDependency */,
			);
			name = workadayUITests;
			productName = workadayUITests;
			productReference = 4B03D0BC1CB5B4E1003ACFD2 /* workadayUITests.xctest */;
			productType = "com.apple.product-type.bundle.ui-testing";
		};
/* End PBXNativeTarget section */

/* Begin PBXProject section */
		4B03D0921CB5B4E1003ACFD2 /* Project object */ = {
			isa = PBXProject;
			attributes = {
				LastSwiftUpdateCheck = 0730;
				LastUpgradeCheck = 0730;
				ORGANIZATIONNAME = RTI;
				TargetAttributes = {
					4B03D0991CB5B4E1003ACFD2 = {
						CreatedOnToolsVersion = 7.3;
						DevelopmentTeam = 35J8YXY799;
					};
					4B03D0B01CB5B4E1003ACFD2 = {
						CreatedOnToolsVersion = 7.3;
						TestTargetID = 4B03D0991CB5B4E1003ACFD2;
					};
					4B03D0BB1CB5B4E1003ACFD2 = {
						CreatedOnToolsVersion = 7.3;
						TestTargetID = 4B03D0991CB5B4E1003ACFD2;
					};
				};
			};
			buildConfigurationList = 4B03D0951CB5B4E1003ACFD2 /* Build configuration list for PBXProject "workaday" */;
			compatibilityVersion = "Xcode 3.2";
			developmentRegion = English;
			hasScannedForEncodings = 0;
			knownRegions = (
				en,
				Base,
			);
			mainGroup = 4B03D0911CB5B4E1003ACFD2;
			productRefGroup = 4B03D09B1CB5B4E1003ACFD2 /* Products */;
			projectDirPath = "";
			projectRoot = "";
			targets = (
				4B03D0991CB5B4E1003ACFD2 /* workaday */,
				4B03D0B01CB5B4E1003ACFD2 /* workadayTests */,
				4B03D0BB1CB5B4E1003ACFD2 /* workadayUITests */,
			);
		};
/* End PBXProject section */

/* Begin PBXResourcesBuildPhase section */
		4B03D0981CB5B4E1003ACFD2 /* Resources */ = {
			isa = PBXResourcesBuildPhase;
			buildActionMask = 2147483647;
			files = (
				4B03D0AB1CB5B4E1003ACFD2 /* LaunchScreen.storyboard in Resources */,
				4B03D0A81CB5B4E1003ACFD2 /* Assets.xcassets in Resources */,
				4B03D0A31CB5B4E1003ACFD2 /* Main.storyboard in Resources */,
			);
			runOnlyForDeploymentPostprocessing = 0;
		};
		4B03D0AF1CB5B4E1003ACFD2 /* Resources */ = {
			isa = PBXResourcesBuildPhase;
			buildActionMask = 2147483647;
			files = (
			);
			runOnlyForDeploymentPostprocessing = 0;
		};
		4B03D0BA1CB5B4E1003ACFD2 /* Resources */ = {
			isa = PBXResourcesBuildPhase;
			buildActionMask = 2147483647;
			files = (
			);
			runOnlyForDeploymentPostprocessing = 0;
		};
/* End PBXResourcesBuildPhase section */

/* Begin PBXShellScriptBuildPhase section */
		2AA38DD1E18F48BA2FCB79CB /* Check Pods Manifest.lock */ = {
			isa = PBXShellScriptBuildPhase;
			buildActionMask = 2147483647;
			files = (
			);
			inputPaths = (
			);
			name = "Check Pods Manifest.lock";
			outputPaths = (
			);
			runOnlyForDeploymentPostprocessing = 0;
			shellPath = /bin/sh;
			shellScript = "diff \"${PODS_ROOT}/../Podfile.lock\" \"${PODS_ROOT}/Manifest.lock\" > /dev/null\nif [[ $? != 0 ]] ; then\n    cat << EOM\nerror: The sandbox is not in sync with the Podfile.lock. Run 'pod install' or update your CocoaPods installation.\nEOM\n    exit 1\nfi\n";
			showEnvVarsInLog = 0;
		};
		5BB07D444A9DFD8AC2BD83F5 /* Embed Pods Frameworks */ = {
			isa = PBXShellScriptBuildPhase;
			buildActionMask = 2147483647;
			files = (
			);
			inputPaths = (
			);
			name = "Embed Pods Frameworks";
			outputPaths = (
			);
			runOnlyForDeploymentPostprocessing = 0;
			shellPath = /bin/sh;
			shellScript = "\"${SRCROOT}/Pods/Target Support Files/Pods-workaday/Pods-workaday-frameworks.sh\"\n";
			showEnvVarsInLog = 0;
		};
		6664B7ED6AF7D714D0387012 /* Copy Pods Resources */ = {
			isa = PBXShellScriptBuildPhase;
			buildActionMask = 2147483647;
			files = (
			);
			inputPaths = (
			);
			name = "Copy Pods Resources";
			outputPaths = (
			);
			runOnlyForDeploymentPostprocessing = 0;
			shellPath = /bin/sh;
			shellScript = "\"${SRCROOT}/Pods/Target Support Files/Pods-workadayTests/Pods-workadayTests-resources.sh\"\n";
			showEnvVarsInLog = 0;
		};
		84F9BC0505AD239811727AB3 /* Check Pods Manifest.lock */ = {
			isa = PBXShellScriptBuildPhase;
			buildActionMask = 2147483647;
			files = (
			);
			inputPaths = (
			);
			name = "Check Pods Manifest.lock";
			outputPaths = (
			);
			runOnlyForDeploymentPostprocessing = 0;
			shellPath = /bin/sh;
			shellScript = "diff \"${PODS_ROOT}/../Podfile.lock\" \"${PODS_ROOT}/Manifest.lock\" > /dev/null\nif [[ $? != 0 ]] ; then\n    cat << EOM\nerror: The sandbox is not in sync with the Podfile.lock. Run 'pod install' or update your CocoaPods installation.\nEOM\n    exit 1\nfi\n";
			showEnvVarsInLog = 0;
		};
		AEA271CBDE2467D460EA5DB9 /* Copy Pods Resources */ = {
			isa = PBXShellScriptBuildPhase;
			buildActionMask = 2147483647;
			files = (
			);
			inputPaths = (
			);
			name = "Copy Pods Resources";
			outputPaths = (
			);
			runOnlyForDeploymentPostprocessing = 0;
			shellPath = /bin/sh;
			shellScript = "\"${SRCROOT}/Pods/Target Support Files/Pods-workaday/Pods-workaday-resources.sh\"\n";
			showEnvVarsInLog = 0;
		};
		F39DE390743487667F7835C6 /* Embed Pods Frameworks */ = {
			isa = PBXShellScriptBuildPhase;
			buildActionMask = 2147483647;
			files = (
			);
			inputPaths = (
			);
			name = "Embed Pods Frameworks";
			outputPaths = (
			);
			runOnlyForDeploymentPostprocessing = 0;
			shellPath = /bin/sh;
			shellScript = "\"${SRCROOT}/Pods/Target Support Files/Pods-workadayTests/Pods-workadayTests-frameworks.sh\"\n";
			showEnvVarsInLog = 0;
		};
/* End PBXShellScriptBuildPhase section */

/* Begin PBXSourcesBuildPhase section */
		4B03D0961CB5B4E1003ACFD2 /* Sources */ = {
			isa = PBXSourcesBuildPhase;
			buildActionMask = 2147483647;
			files = (
				4B03D0A01CB5B4E1003ACFD2 /* ViewController.swift in Sources */,
				4B03D0A61CB5B4E1003ACFD2 /* workaday.xcdatamodeld in Sources */,
				4B03D09E1CB5B4E1003ACFD2 /* AppDelegate.swift in Sources */,
			);
			runOnlyForDeploymentPostprocessing = 0;
		};
		4B03D0AD1CB5B4E1003ACFD2 /* Sources */ = {
			isa = PBXSourcesBuildPhase;
			buildActionMask = 2147483647;
			files = (
				4B03D0B61CB5B4E1003ACFD2 /* workadayTests.swift in Sources */,
			);
			runOnlyForDeploymentPostprocessing = 0;
		};
		4B03D0B81CB5B4E1003ACFD2 /* Sources */ = {
			isa = PBXSourcesBuildPhase;
			buildActionMask = 2147483647;
			files = (
				4B03D0C11CB5B4E1003ACFD2 /* workadayUITests.swift in Sources */,
			);
			runOnlyForDeploymentPostprocessing = 0;
		};
/* End PBXSourcesBuildPhase section */

/* Begin PBXTargetDependency section */
		4B03D0B31CB5B4E1003ACFD2 /* PBXTargetDependency */ = {
			isa = PBXTargetDependency;
			target = 4B03D0991CB5B4E1003ACFD2 /* workaday */;
			targetProxy = 4B03D0B21CB5B4E1003ACFD2 /* PBXContainerItemProxy */;
		};
		4B03D0BE1CB5B4E1003ACFD2 /* PBXTargetDependency */ = {
			isa = PBXTargetDependency;
			target = 4B03D0991CB5B4E1003ACFD2 /* workaday */;
			targetProxy = 4B03D0BD1CB5B4E1003ACFD2 /* PBXContainerItemProxy */;
		};
/* End PBXTargetDependency section */

/* Begin PBXVariantGroup section */
		4B03D0A11CB5B4E1003ACFD2 /* Main.storyboard */ = {
			isa = PBXVariantGroup;
			children = (
				4B03D0A21CB5B4E1003ACFD2 /* Base */,
			);
			name = Main.storyboard;
			sourceTree = "<group>";
		};
		4B03D0A91CB5B4E1003ACFD2 /* LaunchScreen.storyboard */ = {
			isa = PBXVariantGroup;
			children = (
				4B03D0AA1CB5B4E1003ACFD2 /* Base */,
			);
			name = LaunchScreen.storyboard;
			sourceTree = "<group>";
		};
/* End PBXVariantGroup section */

/* Begin XCBuildConfiguration section */
		4B03D0C31CB5B4E1003ACFD2 /* Debug */ = {
			isa = XCBuildConfiguration;
			buildSettings = {
				ALWAYS_SEARCH_USER_PATHS = NO;
				CLANG_ANALYZER_NONNULL = YES;
				CLANG_CXX_LANGUAGE_STANDARD = "gnu++0x";
				CLANG_CXX_LIBRARY = "libc++";
				CLANG_ENABLE_MODULES = YES;
				CLANG_ENABLE_OBJC_ARC = YES;
				CLANG_WARN_BOOL_CONVERSION = YES;
				CLANG_WARN_CONSTANT_CONVERSION = YES;
				CLANG_WARN_DIRECT_OBJC_ISA_USAGE = YES_ERROR;
				CLANG_WARN_EMPTY_BODY = YES;
				CLANG_WARN_ENUM_CONVERSION = YES;
				CLANG_WARN_INT_CONVERSION = YES;
				CLANG_WARN_OBJC_ROOT_CLASS = YES_ERROR;
				CLANG_WARN_UNREACHABLE_CODE = YES;
				CLANG_WARN__DUPLICATE_METHOD_MATCH = YES;
				"CODE_SIGN_IDENTITY[sdk=iphoneos*]" = "iPhone Developer";
				COPY_PHASE_STRIP = NO;
				DEBUG_INFORMATION_FORMAT = dwarf;
				ENABLE_STRICT_OBJC_MSGSEND = YES;
				ENABLE_TESTABILITY = YES;
				GCC_C_LANGUAGE_STANDARD = gnu99;
				GCC_DYNAMIC_NO_PIC = NO;
				GCC_NO_COMMON_BLOCKS = YES;
				GCC_OPTIMIZATION_LEVEL = 0;
				GCC_PREPROCESSOR_DEFINITIONS = (
					"DEBUG=1",
					"$(inherited)",
				);
				GCC_WARN_64_TO_32_BIT_CONVERSION = YES;
				GCC_WARN_ABOUT_RETURN_TYPE = YES_ERROR;
				GCC_WARN_UNDECLARED_SELECTOR = YES;
				GCC_WARN_UNINITIALIZED_AUTOS = YES_AGGRESSIVE;
				GCC_WARN_UNUSED_FUNCTION = YES;
				GCC_WARN_UNUSED_VARIABLE = YES;
				IPHONEOS_DEPLOYMENT_TARGET = 9.3;
				MTL_ENABLE_DEBUG_INFO = YES;
				ONLY_ACTIVE_ARCH = YES;
				SDKROOT = iphoneos;
				SWIFT_OPTIMIZATION_LEVEL = "-Onone";
			};
			name = Debug;
		};
		4B03D0C41CB5B4E1003ACFD2 /* Release */ = {
			isa = XCBuildConfiguration;
			buildSettings = {
				ALWAYS_SEARCH_USER_PATHS = NO;
				CLANG_ANALYZER_NONNULL = YES;
				CLANG_CXX_LANGUAGE_STANDARD = "gnu++0x";
				CLANG_CXX_LIBRARY = "libc++";
				CLANG_ENABLE_MODULES = YES;
				CLANG_ENABLE_OBJC_ARC = YES;
				CLANG_WARN_BOOL_CONVERSION = YES;
				CLANG_WARN_CONSTANT_CONVERSION = YES;
				CLANG_WARN_DIRECT_OBJC_ISA_USAGE = YES_ERROR;
				CLANG_WARN_EMPTY_BODY = YES;
				CLANG_WARN_ENUM_CONVERSION = YES;
				CLANG_WARN_INT_CONVERSION = YES;
				CLANG_WARN_OBJC_ROOT_CLASS = YES_ERROR;
				CLANG_WARN_UNREACHABLE_CODE = YES;
				CLANG_WARN__DUPLICATE_METHOD_MATCH = YES;
				"CODE_SIGN_IDENTITY[sdk=iphoneos*]" = "iPhone Developer";
				COPY_PHASE_STRIP = NO;
				DEBUG_INFORMATION_FORMAT = "dwarf-with-dsym";
				ENABLE_NS_ASSERTIONS = NO;
				ENABLE_STRICT_OBJC_MSGSEND = YES;
				GCC_C_LANGUAGE_STANDARD = gnu99;
				GCC_NO_COMMON_BLOCKS = YES;
				GCC_WARN_64_TO_32_BIT_CONVERSION = YES;
				GCC_WARN_ABOUT_RETURN_TYPE = YES_ERROR;
				GCC_WARN_UNDECLARED_SELECTOR = YES;
				GCC_WARN_UNINITIALIZED_AUTOS = YES_AGGRESSIVE;
				GCC_WARN_UNUSED_FUNCTION = YES;
				GCC_WARN_UNUSED_VARIABLE = YES;
				IPHONEOS_DEPLOYMENT_TARGET = 9.3;
				MTL_ENABLE_DEBUG_INFO = NO;
				SDKROOT = iphoneos;
				VALIDATE_PRODUCT = YES;
			};
			name = Release;
		};
		4B03D0C61CB5B4E1003ACFD2 /* Debug */ = {
			isa = XCBuildConfiguration;
			baseConfigurationReference = 9712226E4922783444984808 /* Pods-workaday.debug.xcconfig */;
			buildSettings = {
				ASSETCATALOG_COMPILER_APPICON_NAME = AppIcon;
				CODE_SIGN_IDENTITY = "iPhone Developer";
				INFOPLIST_FILE = workaday/Info.plist;
				LD_RUNPATH_SEARCH_PATHS = "$(inherited) @executable_path/Frameworks";
				PRODUCT_BUNDLE_IDENTIFIER = org.rti.workaday;
				PRODUCT_NAME = "$(TARGET_NAME)";
			};
			name = Debug;
		};
		4B03D0C71CB5B4E1003ACFD2 /* Release */ = {
			isa = XCBuildConfiguration;
			baseConfigurationReference = ECFEF57D79447928562C2967 /* Pods-workaday.release.xcconfig */;
			buildSettings = {
				ASSETCATALOG_COMPILER_APPICON_NAME = AppIcon;
				CODE_SIGN_IDENTITY = "iPhone Developer";
				INFOPLIST_FILE = workaday/Info.plist;
				LD_RUNPATH_SEARCH_PATHS = "$(inherited) @executable_path/Frameworks";
				PRODUCT_BUNDLE_IDENTIFIER = org.rti.workaday;
				PRODUCT_NAME = "$(TARGET_NAME)";
			};
			name = Release;
		};
		4B03D0C91CB5B4E1003ACFD2 /* Debug */ = {
			isa = XCBuildConfiguration;
			baseConfigurationReference = 3B273FA456A2446D8C6404B2 /* Pods-workadayTests.debug.xcconfig */;
			buildSettings = {
				BUNDLE_LOADER = "$(TEST_HOST)";
				INFOPLIST_FILE = workadayTests/Info.plist;
				LD_RUNPATH_SEARCH_PATHS = "$(inherited) @executable_path/Frameworks @loader_path/Frameworks";
				PRODUCT_BUNDLE_IDENTIFIER = org.rti.workadayTests;
				PRODUCT_NAME = "$(TARGET_NAME)";
				TEST_HOST = "$(BUILT_PRODUCTS_DIR)/workaday.app/workaday";
			};
			name = Debug;
		};
		4B03D0CA1CB5B4E1003ACFD2 /* Release */ = {
			isa = XCBuildConfiguration;
			baseConfigurationReference = 717D0C0125A566E34932B8F8 /* Pods-workadayTests.release.xcconfig */;
			buildSettings = {
				BUNDLE_LOADER = "$(TEST_HOST)";
				INFOPLIST_FILE = workadayTests/Info.plist;
				LD_RUNPATH_SEARCH_PATHS = "$(inherited) @executable_path/Frameworks @loader_path/Frameworks";
				PRODUCT_BUNDLE_IDENTIFIER = org.rti.workadayTests;
				PRODUCT_NAME = "$(TARGET_NAME)";
				TEST_HOST = "$(BUILT_PRODUCTS_DIR)/workaday.app/workaday";
			};
			name = Release;
		};
		4B03D0CC1CB5B4E1003ACFD2 /* Debug */ = {
			isa = XCBuildConfiguration;
			buildSettings = {
				INFOPLIST_FILE = workadayUITests/Info.plist;
				LD_RUNPATH_SEARCH_PATHS = "$(inherited) @executable_path/Frameworks @loader_path/Frameworks";
				PRODUCT_BUNDLE_IDENTIFIER = org.rti.workadayUITests;
				PRODUCT_NAME = "$(TARGET_NAME)";
				TEST_TARGET_NAME = workaday;
			};
			name = Debug;
		};
		4B03D0CD1CB5B4E1003ACFD2 /* Release */ = {
			isa = XCBuildConfiguration;
			buildSettings = {
				INFOPLIST_FILE = workadayUITests/Info.plist;
				LD_RUNPATH_SEARCH_PATHS = "$(inherited) @executable_path/Frameworks @loader_path/Frameworks";
				PRODUCT_BUNDLE_IDENTIFIER = org.rti.workadayUITests;
				PRODUCT_NAME = "$(TARGET_NAME)";
				TEST_TARGET_NAME = workaday;
			};
			name = Release;
		};
/* End XCBuildConfiguration section */

/* Begin XCConfigurationList section */
		4B03D0951CB5B4E1003ACFD2 /* Build configuration list for PBXProject "workaday" */ = {
			isa = XCConfigurationList;
			buildConfigurations = (
				4B03D0C31CB5B4E1003ACFD2 /* Debug */,
				4B03D0C41CB5B4E1003ACFD2 /* Release */,
			);
			defaultConfigurationIsVisible = 0;
			defaultConfigurationName = Release;
		};
		4B03D0C51CB5B4E1003ACFD2 /* Build configuration list for PBXNativeTarget "workaday" */ = {
			isa = XCConfigurationList;
			buildConfigurations = (
				4B03D0C61CB5B4E1003ACFD2 /* Debug */,
				4B03D0C71CB5B4E1003ACFD2 /* Release */,
			);
			defaultConfigurationIsVisible = 0;
			defaultConfigurationName = Release;
		};
		4B03D0C81CB5B4E1003ACFD2 /* Build configuration list for PBXNativeTarget "workadayTests" */ = {
			isa = XCConfigurationList;
			buildConfigurations = (
				4B03D0C91CB5B4E1003ACFD2 /* Debug */,
				4B03D0CA1CB5B4E1003ACFD2 /* Release */,
			);
			defaultConfigurationIsVisible = 0;
			defaultConfigurationName = Release;
		};
		4B03D0CB1CB5B4E1003ACFD2 /* Build configuration list for PBXNativeTarget "workadayUITests" */ = {
			isa = XCConfigurationList;
			buildConfigurations = (
				4B03D0CC1CB5B4E1003ACFD2 /* Debug */,
				4B03D0CD1CB5B4E1003ACFD2 /* Release */,
			);
			defaultConfigurationIsVisible = 0;
			defaultConfigurationName = Release;
		};
/* End XCConfigurationList section */

/* Begin XCVersionGroup section */
		4B03D0A41CB5B4E1003ACFD2 /* workaday.xcdatamodeld */ = {
			isa = XCVersionGroup;
			children = (
				4B03D0A51CB5B4E1003ACFD2 /* workaday.xcdatamodel */,
			);
			currentVersion = 4B03D0A51CB5B4E1003ACFD2 /* workaday.xcdatamodel */;
			path = workaday.xcdatamodeld;
			sourceTree = "<group>";
			versionGroupType = wrapper.xcdatamodel;
		};
/* End XCVersionGroup section */
	};
	rootObject = 4B03D0921CB5B4E1003ACFD2 /* Project object */;
}
