// !$*UTF8*$!
{
	archiveVersion = 1;
	classes = {
	};
	objectVersion = 46;
	objects = {

/* Begin PBXBuildFile section */
		232FFB1F283D29FF706C89DD /* Pods_workadayTests.framework in Frameworks */ = {isa = PBXBuildFile; fileRef = 92519A2B8540433E0218EDDC /* Pods_workadayTests.framework */; };
		4B03D09E1CB5B4E1003ACFD2 /* AppDelegate.swift in Sources */ = {isa = PBXBuildFile; fileRef = 4B03D09D1CB5B4E1003ACFD2 /* AppDelegate.swift */; };
		4B03D0A01CB5B4E1003ACFD2 /* ViewController.swift in Sources */ = {isa = PBXBuildFile; fileRef = 4B03D09F1CB5B4E1003ACFD2 /* ViewController.swift */; };
		4B03D0A61CB5B4E1003ACFD2 /* workaday.xcdatamodeld in Sources */ = {isa = PBXBuildFile; fileRef = 4B03D0A41CB5B4E1003ACFD2 /* workaday.xcdatamodeld */; };
		4B03D0A81CB5B4E1003ACFD2 /* Assets.xcassets in Resources */ = {isa = PBXBuildFile; fileRef = 4B03D0A71CB5B4E1003ACFD2 /* Assets.xcassets */; };
		4B03D0AB1CB5B4E1003ACFD2 /* LaunchScreen.storyboard in Resources */ = {isa = PBXBuildFile; fileRef = 4B03D0A91CB5B4E1003ACFD2 /* LaunchScreen.storyboard */; };
		4B03D0B61CB5B4E1003ACFD2 /* workadayTests.swift in Sources */ = {isa = PBXBuildFile; fileRef = 4B03D0B51CB5B4E1003ACFD2 /* workadayTests.swift */; };
		4B03D0C11CB5B4E1003ACFD2 /* workadayUITests.swift in Sources */ = {isa = PBXBuildFile; fileRef = 4B03D0C01CB5B4E1003ACFD2 /* workadayUITests.swift */; };
		4B0B72711D4FD86B000A0849 /* Consent_DataGathering.html in Resources */ = {isa = PBXBuildFile; fileRef = 4B0B726C1D4FD86B000A0849 /* Consent_DataGathering.html */; };
		4B0B72721D4FD86B000A0849 /* Consent_DataUse.html in Resources */ = {isa = PBXBuildFile; fileRef = 4B0B726D1D4FD86B000A0849 /* Consent_DataUse.html */; };
		4B0B72731D4FD86B000A0849 /* Consent_Privacy.html in Resources */ = {isa = PBXBuildFile; fileRef = 4B0B726E1D4FD86B000A0849 /* Consent_Privacy.html */; };
		4B0B72741D4FD86B000A0849 /* Consent_Welcome.html in Resources */ = {isa = PBXBuildFile; fileRef = 4B0B726F1D4FD86B000A0849 /* Consent_Welcome.html */; };
		4B0B72751D4FD86B000A0849 /* Consent_Withdrawing.html in Resources */ = {isa = PBXBuildFile; fileRef = 4B0B72701D4FD86B000A0849 /* Consent_Withdrawing.html */; };
		4B0B72771D500493000A0849 /* ConsentUtils.swift in Sources */ = {isa = PBXBuildFile; fileRef = 4B0B72761D500493000A0849 /* ConsentUtils.swift */; };
		4B0BD2681CBEA1E9009E2AB1 /* ProfileViewController.swift in Sources */ = {isa = PBXBuildFile; fileRef = 4B0BD2671CBEA1E9009E2AB1 /* ProfileViewController.swift */; };
		4B0BD26A1CBEA7DA009E2AB1 /* StudyTasks.swift in Sources */ = {isa = PBXBuildFile; fileRef = 4B0BD2691CBEA7DA009E2AB1 /* StudyTasks.swift */; };
		4B0BD2701CBED633009E2AB1 /* ProfileHeaderView.swift in Sources */ = {isa = PBXBuildFile; fileRef = 4B0BD26F1CBED633009E2AB1 /* ProfileHeaderView.swift */; };
		4B0BD2731CBED695009E2AB1 /* ProfileStaticTableViewCell.swift in Sources */ = {isa = PBXBuildFile; fileRef = 4B0BD2721CBED695009E2AB1 /* ProfileStaticTableViewCell.swift */; };
		4B1550DC1CBD963700878588 /* OnboardingViewController.swift in Sources */ = {isa = PBXBuildFile; fileRef = 4B1550DB1CBD963700878588 /* OnboardingViewController.swift */; };
		4B1550E61CBDA91D00878588 /* ConsentDocument.swift in Sources */ = {isa = PBXBuildFile; fileRef = 4B1550E51CBDA91D00878588 /* ConsentDocument.swift */; };
		4B1550E91CBDAB2000878588 /* ResearchContainerSegue.swift in Sources */ = {isa = PBXBuildFile; fileRef = 4B1550E81CBDAB2000878588 /* ResearchContainerSegue.swift */; };
		4B1550FC1CBE9EA600878588 /* ActivityViewController.swift in Sources */ = {isa = PBXBuildFile; fileRef = 4B1550FB1CBE9EA600878588 /* ActivityViewController.swift */; };
		4B303AD21D48009C00AA6B5A /* Extensions.swift in Sources */ = {isa = PBXBuildFile; fileRef = 4B303AD11D48009C00AA6B5A /* Extensions.swift */; };
		4B303AD41D4805BE00AA6B5A /* Constants.swift in Sources */ = {isa = PBXBuildFile; fileRef = 4B303AD31D4805BE00AA6B5A /* Constants.swift */; };
		4B303AD81D48167000AA6B5A /* PamViewController.swift in Sources */ = {isa = PBXBuildFile; fileRef = 4B303AD71D48167000AA6B5A /* PamViewController.swift */; };
		4B303ADA1D48168D00AA6B5A /* PamHeaderView.swift in Sources */ = {isa = PBXBuildFile; fileRef = 4B303AD91D48168D00AA6B5A /* PamHeaderView.swift */; };
		4B303ADC1D4816BB00AA6B5A /* PamCollectionViewCell.swift in Sources */ = {isa = PBXBuildFile; fileRef = 4B303ADB1D4816BB00AA6B5A /* PamCollectionViewCell.swift */; };
		4B4325D31CBF1A1E001F054C /* WithdrawViewController.swift in Sources */ = {isa = PBXBuildFile; fileRef = 4B4325D21CBF1A1E001F054C /* WithdrawViewController.swift */; };
		4BB201D21D492C09003B981B /* Main.storyboard in Resources */ = {isa = PBXBuildFile; fileRef = 4BB201D01D492C09003B981B /* Main.storyboard */; };
		4BB201D41D4952F2003B981B /* WeekdayQuestionViewController.swift in Sources */ = {isa = PBXBuildFile; fileRef = 4BB201D31D4952F2003B981B /* WeekdayQuestionViewController.swift */; };
		4BB201D61D495527003B981B /* WeekendQuestionViewController.swift in Sources */ = {isa = PBXBuildFile; fileRef = 4BB201D51D495527003B981B /* WeekendQuestionViewController.swift */; };
		4BB201DF1D496293003B981B /* SSRadioButton.swift in Sources */ = {isa = PBXBuildFile; fileRef = 4BB201DD1D496293003B981B /* SSRadioButton.swift */; };
		4BB201E01D496293003B981B /* SSRadioButtonsController.swift in Sources */ = {isa = PBXBuildFile; fileRef = 4BB201DE1D496293003B981B /* SSRadioButtonsController.swift */; };
		4BB201E21D4970D9003B981B /* WeekdayIntroViewController.swift in Sources */ = {isa = PBXBuildFile; fileRef = 4BB201E11D4970D9003B981B /* WeekdayIntroViewController.swift */; };
		4BB201E41D4A529F003B981B /* WeekendIntroViewController.swift in Sources */ = {isa = PBXBuildFile; fileRef = 4BB201E31D4A529F003B981B /* WeekendIntroViewController.swift */; };
		4BBA8AF81CC04E400085032D /* LoginViewController.swift in Sources */ = {isa = PBXBuildFile; fileRef = 4BBA8AF71CC04E400085032D /* LoginViewController.swift */; };
		4BC26D8C1D4BF2C400C2D7F6 /* SurveyViewContoller.swift in Sources */ = {isa = PBXBuildFile; fileRef = 4BC26D8B1D4BF2C400C2D7F6 /* SurveyViewContoller.swift */; };
		733ACBB00B78B5E9AEB5B5AE /* Pods_workaday.framework in Frameworks */ = {isa = PBXBuildFile; fileRef = 507C82A2044C235253EDA581 /* Pods_workaday.framework */; };
/* End PBXBuildFile section */

/* Begin PBXContainerItemProxy section */
		4B03D0B21CB5B4E1003ACFD2 /* PBXContainerItemProxy */ = {
			isa = PBXContainerItemProxy;
			containerPortal = 4B03D0921CB5B4E1003ACFD2 /* Project object */;
			proxyType = 1;
			remoteGlobalIDString = 4B03D0991CB5B4E1003ACFD2;
			remoteInfo = workaday;
		};
		4B03D0BD1CB5B4E1003ACFD2 /* PBXContainerItemProxy */ = {
			isa = PBXContainerItemProxy;
			containerPortal = 4B03D0921CB5B4E1003ACFD2 /* Project object */;
			proxyType = 1;
			remoteGlobalIDString = 4B03D0991CB5B4E1003ACFD2;
			remoteInfo = workaday;
		};
/* End PBXContainerItemProxy section */

/* Begin PBXFileReference section */
		2ACF69EA6562BF6E98951F48 /* Pods-workadayTests.release.xcconfig */ = {isa = PBXFileReference; includeInIndex = 1; lastKnownFileType = text.xcconfig; name = "Pods-workadayTests.release.xcconfig"; path = "Pods/Target Support Files/Pods-workadayTests/Pods-workadayTests.release.xcconfig"; sourceTree = "<group>"; };
		2F4B737592C1BFA64230E4E9 /* Pods-workaday.release.xcconfig */ = {isa = PBXFileReference; includeInIndex = 1; lastKnownFileType = text.xcconfig; name = "Pods-workaday.release.xcconfig"; path = "Pods/Target Support Files/Pods-workaday/Pods-workaday.release.xcconfig"; sourceTree = "<group>"; };
		3C091887F9137DFAA0303860 /* Pods-workaday.debug.xcconfig */ = {isa = PBXFileReference; includeInIndex = 1; lastKnownFileType = text.xcconfig; name = "Pods-workaday.debug.xcconfig"; path = "Pods/Target Support Files/Pods-workaday/Pods-workaday.debug.xcconfig"; sourceTree = "<group>"; };
		4B03D09A1CB5B4E1003ACFD2 /* workday.app */ = {isa = PBXFileReference; explicitFileType = wrapper.application; includeInIndex = 0; path = workday.app; sourceTree = BUILT_PRODUCTS_DIR; };
		4B03D09D1CB5B4E1003ACFD2 /* AppDelegate.swift */ = {isa = PBXFileReference; lastKnownFileType = sourcecode.swift; path = AppDelegate.swift; sourceTree = "<group>"; };
		4B03D09F1CB5B4E1003ACFD2 /* ViewController.swift */ = {isa = PBXFileReference; lastKnownFileType = sourcecode.swift; path = ViewController.swift; sourceTree = "<group>"; };
		4B03D0A51CB5B4E1003ACFD2 /* workaday.xcdatamodel */ = {isa = PBXFileReference; lastKnownFileType = wrapper.xcdatamodel; path = workaday.xcdatamodel; sourceTree = "<group>"; };
		4B03D0A71CB5B4E1003ACFD2 /* Assets.xcassets */ = {isa = PBXFileReference; lastKnownFileType = folder.assetcatalog; path = Assets.xcassets; sourceTree = "<group>"; };
		4B03D0AA1CB5B4E1003ACFD2 /* Base */ = {isa = PBXFileReference; lastKnownFileType = file.storyboard; name = Base; path = Base.lproj/LaunchScreen.storyboard; sourceTree = "<group>"; };
		4B03D0AC1CB5B4E1003ACFD2 /* Info.plist */ = {isa = PBXFileReference; lastKnownFileType = text.plist.xml; path = Info.plist; sourceTree = "<group>"; };
		4B03D0B11CB5B4E1003ACFD2 /* workadayTests.xctest */ = {isa = PBXFileReference; explicitFileType = wrapper.cfbundle; includeInIndex = 0; path = workadayTests.xctest; sourceTree = BUILT_PRODUCTS_DIR; };
		4B03D0B51CB5B4E1003ACFD2 /* workadayTests.swift */ = {isa = PBXFileReference; lastKnownFileType = sourcecode.swift; path = workadayTests.swift; sourceTree = "<group>"; };
		4B03D0B71CB5B4E1003ACFD2 /* Info.plist */ = {isa = PBXFileReference; lastKnownFileType = text.plist.xml; path = Info.plist; sourceTree = "<group>"; };
		4B03D0BC1CB5B4E1003ACFD2 /* workadayUITests.xctest */ = {isa = PBXFileReference; explicitFileType = wrapper.cfbundle; includeInIndex = 0; path = workadayUITests.xctest; sourceTree = BUILT_PRODUCTS_DIR; };
		4B03D0C01CB5B4E1003ACFD2 /* workadayUITests.swift */ = {isa = PBXFileReference; lastKnownFileType = sourcecode.swift; path = workadayUITests.swift; sourceTree = "<group>"; };
		4B03D0C21CB5B4E1003ACFD2 /* Info.plist */ = {isa = PBXFileReference; lastKnownFileType = text.plist.xml; path = Info.plist; sourceTree = "<group>"; };
		4B0B726C1D4FD86B000A0849 /* Consent_DataGathering.html */ = {isa = PBXFileReference; fileEncoding = 4; lastKnownFileType = text.html; name = Consent_DataGathering.html; path = "../nida-addiction-challenge/nida-addiction-challenge/nida-addiction-challenge/Consent_DataGathering.html"; sourceTree = "<group>"; };
		4B0B726D1D4FD86B000A0849 /* Consent_DataUse.html */ = {isa = PBXFileReference; fileEncoding = 4; lastKnownFileType = text.html; name = Consent_DataUse.html; path = "../nida-addiction-challenge/nida-addiction-challenge/nida-addiction-challenge/Consent_DataUse.html"; sourceTree = "<group>"; };
		4B0B726E1D4FD86B000A0849 /* Consent_Privacy.html */ = {isa = PBXFileReference; fileEncoding = 4; lastKnownFileType = text.html; name = Consent_Privacy.html; path = "../nida-addiction-challenge/nida-addiction-challenge/nida-addiction-challenge/Consent_Privacy.html"; sourceTree = "<group>"; };
		4B0B726F1D4FD86B000A0849 /* Consent_Welcome.html */ = {isa = PBXFileReference; fileEncoding = 4; lastKnownFileType = text.html; name = Consent_Welcome.html; path = "../nida-addiction-challenge/nida-addiction-challenge/nida-addiction-challenge/Consent_Welcome.html"; sourceTree = "<group>"; };
		4B0B72701D4FD86B000A0849 /* Consent_Withdrawing.html */ = {isa = PBXFileReference; fileEncoding = 4; lastKnownFileType = text.html; name = Consent_Withdrawing.html; path = "../nida-addiction-challenge/nida-addiction-challenge/nida-addiction-challenge/Consent_Withdrawing.html"; sourceTree = "<group>"; };
		4B0B72761D500493000A0849 /* ConsentUtils.swift */ = {isa = PBXFileReference; fileEncoding = 4; lastKnownFileType = sourcecode.swift; path = ConsentUtils.swift; sourceTree = "<group>"; };
		4B0BD2671CBEA1E9009E2AB1 /* ProfileViewController.swift */ = {isa = PBXFileReference; fileEncoding = 4; lastKnownFileType = sourcecode.swift; path = ProfileViewController.swift; sourceTree = "<group>"; };
		4B0BD2691CBEA7DA009E2AB1 /* StudyTasks.swift */ = {isa = PBXFileReference; fileEncoding = 4; lastKnownFileType = sourcecode.swift; path = StudyTasks.swift; sourceTree = "<group>"; };
		4B0BD26F1CBED633009E2AB1 /* ProfileHeaderView.swift */ = {isa = PBXFileReference; fileEncoding = 4; lastKnownFileType = sourcecode.swift; path = ProfileHeaderView.swift; sourceTree = "<group>"; };
		4B0BD2721CBED695009E2AB1 /* ProfileStaticTableViewCell.swift */ = {isa = PBXFileReference; fileEncoding = 4; lastKnownFileType = sourcecode.swift; path = ProfileStaticTableViewCell.swift; sourceTree = "<group>"; };
		4B1550DB1CBD963700878588 /* OnboardingViewController.swift */ = {isa = PBXFileReference; fileEncoding = 4; lastKnownFileType = sourcecode.swift; path = OnboardingViewController.swift; sourceTree = "<group>"; };
		4B1550E51CBDA91D00878588 /* ConsentDocument.swift */ = {isa = PBXFileReference; fileEncoding = 4; lastKnownFileType = sourcecode.swift; path = ConsentDocument.swift; sourceTree = "<group>"; };
		4B1550E81CBDAB2000878588 /* ResearchContainerSegue.swift */ = {isa = PBXFileReference; fileEncoding = 4; lastKnownFileType = sourcecode.swift; path = ResearchContainerSegue.swift; sourceTree = "<group>"; };
		4B1550FB1CBE9EA600878588 /* ActivityViewController.swift */ = {isa = PBXFileReference; fileEncoding = 4; lastKnownFileType = sourcecode.swift; path = ActivityViewController.swift; sourceTree = "<group>"; };
		4B303AD11D48009C00AA6B5A /* Extensions.swift */ = {isa = PBXFileReference; fileEncoding = 4; lastKnownFileType = sourcecode.swift; path = Extensions.swift; sourceTree = "<group>"; };
		4B303AD31D4805BE00AA6B5A /* Constants.swift */ = {isa = PBXFileReference; fileEncoding = 4; lastKnownFileType = sourcecode.swift; path = Constants.swift; sourceTree = "<group>"; };
		4B303AD71D48167000AA6B5A /* PamViewController.swift */ = {isa = PBXFileReference; fileEncoding = 4; lastKnownFileType = sourcecode.swift; path = PamViewController.swift; sourceTree = "<group>"; };
		4B303AD91D48168D00AA6B5A /* PamHeaderView.swift */ = {isa = PBXFileReference; fileEncoding = 4; lastKnownFileType = sourcecode.swift; path = PamHeaderView.swift; sourceTree = "<group>"; };
		4B303ADB1D4816BB00AA6B5A /* PamCollectionViewCell.swift */ = {isa = PBXFileReference; fileEncoding = 4; lastKnownFileType = sourcecode.swift; path = PamCollectionViewCell.swift; sourceTree = "<group>"; };
		4B4325D21CBF1A1E001F054C /* WithdrawViewController.swift */ = {isa = PBXFileReference; fileEncoding = 4; lastKnownFileType = sourcecode.swift; path = WithdrawViewController.swift; sourceTree = "<group>"; };
		4BB201D11D492C09003B981B /* Base */ = {isa = PBXFileReference; lastKnownFileType = file.storyboard; name = Base; path = Base.lproj/Main.storyboard; sourceTree = "<group>"; };
		4BB201D31D4952F2003B981B /* WeekdayQuestionViewController.swift */ = {isa = PBXFileReference; fileEncoding = 4; lastKnownFileType = sourcecode.swift; path = WeekdayQuestionViewController.swift; sourceTree = "<group>"; };
		4BB201D51D495527003B981B /* WeekendQuestionViewController.swift */ = {isa = PBXFileReference; fileEncoding = 4; lastKnownFileType = sourcecode.swift; path = WeekendQuestionViewController.swift; sourceTree = "<group>"; };
		4BB201DD1D496293003B981B /* SSRadioButton.swift */ = {isa = PBXFileReference; fileEncoding = 4; lastKnownFileType = sourcecode.swift; name = SSRadioButton.swift; path = SSRadioButtonsController/SSRadioButtonController/SSRadioButton.swift; sourceTree = "<group>"; };
		4BB201DE1D496293003B981B /* SSRadioButtonsController.swift */ = {isa = PBXFileReference; fileEncoding = 4; lastKnownFileType = sourcecode.swift; name = SSRadioButtonsController.swift; path = SSRadioButtonsController/SSRadioButtonController/SSRadioButtonsController.swift; sourceTree = "<group>"; };
		4BB201E11D4970D9003B981B /* WeekdayIntroViewController.swift */ = {isa = PBXFileReference; fileEncoding = 4; lastKnownFileType = sourcecode.swift; path = WeekdayIntroViewController.swift; sourceTree = "<group>"; };
		4BB201E31D4A529F003B981B /* WeekendIntroViewController.swift */ = {isa = PBXFileReference; fileEncoding = 4; lastKnownFileType = sourcecode.swift; path = WeekendIntroViewController.swift; sourceTree = "<group>"; };
		4BBA8AF71CC04E400085032D /* LoginViewController.swift */ = {isa = PBXFileReference; fileEncoding = 4; lastKnownFileType = sourcecode.swift; path = LoginViewController.swift; sourceTree = "<group>"; };
		4BC26D8B1D4BF2C400C2D7F6 /* SurveyViewContoller.swift */ = {isa = PBXFileReference; fileEncoding = 4; lastKnownFileType = sourcecode.swift; path = SurveyViewContoller.swift; sourceTree = "<group>"; };
		507C82A2044C235253EDA581 /* Pods_workaday.framework */ = {isa = PBXFileReference; explicitFileType = wrapper.framework; includeInIndex = 0; path = Pods_workaday.framework; sourceTree = BUILT_PRODUCTS_DIR; };
		8DE3DCEDDFF1930D0F10FF05 /* Pods-workadayTests.debug.xcconfig */ = {isa = PBXFileReference; includeInIndex = 1; lastKnownFileType = text.xcconfig; name = "Pods-workadayTests.debug.xcconfig"; path = "Pods/Target Support Files/Pods-workadayTests/Pods-workadayTests.debug.xcconfig"; sourceTree = "<group>"; };
		92519A2B8540433E0218EDDC /* Pods_workadayTests.framework */ = {isa = PBXFileReference; explicitFileType = wrapper.framework; includeInIndex = 0; path = Pods_workadayTests.framework; sourceTree = BUILT_PRODUCTS_DIR; };
/* End PBXFileReference section */

/* Begin PBXFrameworksBuildPhase section */
		4B03D0971CB5B4E1003ACFD2 /* Frameworks */ = {
			isa = PBXFrameworksBuildPhase;
			buildActionMask = 2147483647;
			files = (
				733ACBB00B78B5E9AEB5B5AE /* Pods_workaday.framework in Frameworks */,
			);
			runOnlyForDeploymentPostprocessing = 0;
		};
		4B03D0AE1CB5B4E1003ACFD2 /* Frameworks */ = {
			isa = PBXFrameworksBuildPhase;
			buildActionMask = 2147483647;
			files = (
				232FFB1F283D29FF706C89DD /* Pods_workadayTests.framework in Frameworks */,
			);
			runOnlyForDeploymentPostprocessing = 0;
		};
		4B03D0B91CB5B4E1003ACFD2 /* Frameworks */ = {
			isa = PBXFrameworksBuildPhase;
			buildActionMask = 2147483647;
			files = (
			);
			runOnlyForDeploymentPostprocessing = 0;
		};
/* End PBXFrameworksBuildPhase section */

/* Begin PBXGroup section */
		4B03D0911CB5B4E1003ACFD2 = {
			isa = PBXGroup;
			children = (
				4BB201DC1D496266003B981B /* vendor */,
				4B03D09C1CB5B4E1003ACFD2 /* workaday */,
				4B03D0B41CB5B4E1003ACFD2 /* workadayTests */,
				4B03D0BF1CB5B4E1003ACFD2 /* workadayUITests */,
				4B03D09B1CB5B4E1003ACFD2 /* Products */,
				61EBDE0052385140C534CFA2 /* Pods */,
				BCC36A35BD0D7A4CFA50704C /* Frameworks */,
			);
			sourceTree = "<group>";
		};
		4B03D09B1CB5B4E1003ACFD2 /* Products */ = {
			isa = PBXGroup;
			children = (
				4B03D09A1CB5B4E1003ACFD2 /* workday.app */,
				4B03D0B11CB5B4E1003ACFD2 /* workadayTests.xctest */,
				4B03D0BC1CB5B4E1003ACFD2 /* workadayUITests.xctest */,
			);
			name = Products;
			sourceTree = "<group>";
		};
		4B03D09C1CB5B4E1003ACFD2 /* workaday */ = {
			isa = PBXGroup;
			children = (
				4BC26D8A1D4BF2AD00C2D7F6 /* Survey */,
				4B4325D11CBF1A08001F054C /* Withdrawl */,
				4B0BD2651CBEA1D3009E2AB1 /* Profile */,
				4B1550F91CBE9E6800878588 /* Activities */,
				4B1550E41CBDA8E400878588 /* Consent */,
				4B1550DA1CBD95FA00878588 /* Onboarding */,
				4B03D09D1CB5B4E1003ACFD2 /* AppDelegate.swift */,
				4B03D09F1CB5B4E1003ACFD2 /* ViewController.swift */,
				4B03D0A71CB5B4E1003ACFD2 /* Assets.xcassets */,
				4B03D0A91CB5B4E1003ACFD2 /* LaunchScreen.storyboard */,
				4BB201D01D492C09003B981B /* Main.storyboard */,
				4B03D0AC1CB5B4E1003ACFD2 /* Info.plist */,
				4B03D0A41CB5B4E1003ACFD2 /* workaday.xcdatamodeld */,
				4B1550E81CBDAB2000878588 /* ResearchContainerSegue.swift */,
				4B303AD11D48009C00AA6B5A /* Extensions.swift */,
				4B303AD31D4805BE00AA6B5A /* Constants.swift */,
			);
			path = workaday;
			sourceTree = "<group>";
		};
		4B03D0B41CB5B4E1003ACFD2 /* workadayTests */ = {
			isa = PBXGroup;
			children = (
				4B03D0B51CB5B4E1003ACFD2 /* workadayTests.swift */,
				4B03D0B71CB5B4E1003ACFD2 /* Info.plist */,
			);
			path = workadayTests;
			sourceTree = "<group>";
		};
		4B03D0BF1CB5B4E1003ACFD2 /* workadayUITests */ = {
			isa = PBXGroup;
			children = (
				4B03D0C01CB5B4E1003ACFD2 /* workadayUITests.swift */,
				4B03D0C21CB5B4E1003ACFD2 /* Info.plist */,
			);
			path = workadayUITests;
			sourceTree = "<group>";
		};
		4B0BD2651CBEA1D3009E2AB1 /* Profile */ = {
			isa = PBXGroup;
			children = (
				4B0BD2671CBEA1E9009E2AB1 /* ProfileViewController.swift */,
				4B0BD26F1CBED633009E2AB1 /* ProfileHeaderView.swift */,
				4B0BD2721CBED695009E2AB1 /* ProfileStaticTableViewCell.swift */,
			);
			name = Profile;
			sourceTree = "<group>";
		};
		4B1550DA1CBD95FA00878588 /* Onboarding */ = {
			isa = PBXGroup;
			children = (
				4B1550DB1CBD963700878588 /* OnboardingViewController.swift */,
				4BBA8AF71CC04E400085032D /* LoginViewController.swift */,
			);
			name = Onboarding;
			path = ..;
			sourceTree = "<group>";
		};
		4B1550E41CBDA8E400878588 /* Consent */ = {
			isa = PBXGroup;
			children = (
				4B0B726C1D4FD86B000A0849 /* Consent_DataGathering.html */,
				4B0B726D1D4FD86B000A0849 /* Consent_DataUse.html */,
				4B0B726E1D4FD86B000A0849 /* Consent_Privacy.html */,
				4B0B726F1D4FD86B000A0849 /* Consent_Welcome.html */,
				4B0B72701D4FD86B000A0849 /* Consent_Withdrawing.html */,
				4B1550E51CBDA91D00878588 /* ConsentDocument.swift */,
				4B0B72761D500493000A0849 /* ConsentUtils.swift */,
			);
			name = Consent;
			path = ..;
			sourceTree = "<group>";
		};
		4B1550F91CBE9E6800878588 /* Activities */ = {
			isa = PBXGroup;
			children = (
				4B1550FB1CBE9EA600878588 /* ActivityViewController.swift */,
				4B0BD2691CBEA7DA009E2AB1 /* StudyTasks.swift */,
				4B303AD71D48167000AA6B5A /* PamViewController.swift */,
				4B303AD91D48168D00AA6B5A /* PamHeaderView.swift */,
				4B303ADB1D4816BB00AA6B5A /* PamCollectionViewCell.swift */,
				4BB201D31D4952F2003B981B /* WeekdayQuestionViewController.swift */,
				4BB201D51D495527003B981B /* WeekendQuestionViewController.swift */,
				4BB201E11D4970D9003B981B /* WeekdayIntroViewController.swift */,
				4BB201E31D4A529F003B981B /* WeekendIntroViewController.swift */,
			);
			name = Activities;
			sourceTree = "<group>";
		};
		4B4325D11CBF1A08001F054C /* Withdrawl */ = {
			isa = PBXGroup;
			children = (
				4B4325D21CBF1A1E001F054C /* WithdrawViewController.swift */,
			);
			name = Withdrawl;
			sourceTree = "<group>";
		};
		4BB201DC1D496266003B981B /* vendor */ = {
			isa = PBXGroup;
			children = (
				4BB201DD1D496293003B981B /* SSRadioButton.swift */,
				4BB201DE1D496293003B981B /* SSRadioButtonsController.swift */,
			);
			name = vendor;
			sourceTree = "<group>";
		};
		4BC26D8A1D4BF2AD00C2D7F6 /* Survey */ = {
			isa = PBXGroup;
			children = (
				4BC26D8B1D4BF2C400C2D7F6 /* SurveyViewContoller.swift */,
			);
			name = Survey;
			sourceTree = "<group>";
		};
		61EBDE0052385140C534CFA2 /* Pods */ = {
			isa = PBXGroup;
			children = (
				3C091887F9137DFAA0303860 /* Pods-workaday.debug.xcconfig */,
				2F4B737592C1BFA64230E4E9 /* Pods-workaday.release.xcconfig */,
				8DE3DCEDDFF1930D0F10FF05 /* Pods-workadayTests.debug.xcconfig */,
				2ACF69EA6562BF6E98951F48 /* Pods-workadayTests.release.xcconfig */,
			);
			name = Pods;
			sourceTree = "<group>";
		};
		BCC36A35BD0D7A4CFA50704C /* Frameworks */ = {
			isa = PBXGroup;
			children = (
				507C82A2044C235253EDA581 /* Pods_workaday.framework */,
				92519A2B8540433E0218EDDC /* Pods_workadayTests.framework */,
			);
			name = Frameworks;
			sourceTree = "<group>";
		};
/* End PBXGroup section */

/* Begin PBXNativeTarget section */
		4B03D0991CB5B4E1003ACFD2 /* workaday */ = {
			isa = PBXNativeTarget;
			buildConfigurationList = 4B03D0C51CB5B4E1003ACFD2 /* Build configuration list for PBXNativeTarget "workaday" */;
			buildPhases = (
				7B1C10E4EF57A94C88404BA6 /* [CP] Check Pods Manifest.lock */,
				4B03D0961CB5B4E1003ACFD2 /* Sources */,
				4B03D0971CB5B4E1003ACFD2 /* Frameworks */,
				4B03D0981CB5B4E1003ACFD2 /* Resources */,
				2174DB59C49CD903BC80225D /* [CP] Embed Pods Frameworks */,
				5CE2AB790B246BDB61EE6D71 /* [CP] Copy Pods Resources */,
			);
			buildRules = (
			);
			dependencies = (
			);
			name = workaday;
			productName = workaday;
			productReference = 4B03D09A1CB5B4E1003ACFD2 /* workday.app */;
			productType = "com.apple.product-type.application";
		};
		4B03D0B01CB5B4E1003ACFD2 /* workadayTests */ = {
			isa = PBXNativeTarget;
			buildConfigurationList = 4B03D0C81CB5B4E1003ACFD2 /* Build configuration list for PBXNativeTarget "workadayTests" */;
			buildPhases = (
				9E759C7A9F19FF1FB105D681 /* [CP] Check Pods Manifest.lock */,
				4B03D0AD1CB5B4E1003ACFD2 /* Sources */,
				4B03D0AE1CB5B4E1003ACFD2 /* Frameworks */,
				4B03D0AF1CB5B4E1003ACFD2 /* Resources */,
				D95181F4E4979F5777257C0B /* [CP] Embed Pods Frameworks */,
				163A1DF4D2E84E82F2108F97 /* [CP] Copy Pods Resources */,
			);
			buildRules = (
			);
			dependencies = (
				4B03D0B31CB5B4E1003ACFD2 /* PBXTargetDependency */,
			);
			name = workadayTests;
			productName = workadayTests;
			productReference = 4B03D0B11CB5B4E1003ACFD2 /* workadayTests.xctest */;
			productType = "com.apple.product-type.bundle.unit-test";
		};
		4B03D0BB1CB5B4E1003ACFD2 /* workadayUITests */ = {
			isa = PBXNativeTarget;
			buildConfigurationList = 4B03D0CB1CB5B4E1003ACFD2 /* Build configuration list for PBXNativeTarget "workadayUITests" */;
			buildPhases = (
				4B03D0B81CB5B4E1003ACFD2 /* Sources */,
				4B03D0B91CB5B4E1003ACFD2 /* Frameworks */,
				4B03D0BA1CB5B4E1003ACFD2 /* Resources */,
			);
			buildRules = (
			);
			dependencies = (
				4B03D0BE1CB5B4E1003ACFD2 /* PBXTargetDependency */,
			);
			name = workadayUITests;
			productName = workadayUITests;
			productReference = 4B03D0BC1CB5B4E1003ACFD2 /* workadayUITests.xctest */;
			productType = "com.apple.product-type.bundle.ui-testing";
		};
/* End PBXNativeTarget section */

/* Begin PBXProject section */
		4B03D0921CB5B4E1003ACFD2 /* Project object */ = {
			isa = PBXProject;
			attributes = {
				LastSwiftUpdateCheck = 0730;
				LastUpgradeCheck = 0810;
				ORGANIZATIONNAME = RTI;
				TargetAttributes = {
					4B03D0991CB5B4E1003ACFD2 = {
						CreatedOnToolsVersion = 7.3;
						DevelopmentTeam = 35J8YXY799;
						SystemCapabilities = {
							com.apple.Push = {
								enabled = 0;
							};
						};
					};
					4B03D0B01CB5B4E1003ACFD2 = {
						CreatedOnToolsVersion = 7.3;
						LastSwiftMigration = 0810;
						TestTargetID = 4B03D0991CB5B4E1003ACFD2;
					};
					4B03D0BB1CB5B4E1003ACFD2 = {
						CreatedOnToolsVersion = 7.3;
						LastSwiftMigration = 0810;
						TestTargetID = 4B03D0991CB5B4E1003ACFD2;
					};
				};
			};
			buildConfigurationList = 4B03D0951CB5B4E1003ACFD2 /* Build configuration list for PBXProject "workaday" */;
			compatibilityVersion = "Xcode 3.2";
			developmentRegion = English;
			hasScannedForEncodings = 0;
			knownRegions = (
				en,
				Base,
			);
			mainGroup = 4B03D0911CB5B4E1003ACFD2;
			productRefGroup = 4B03D09B1CB5B4E1003ACFD2 /* Products */;
			projectDirPath = "";
			projectRoot = "";
			targets = (
				4B03D0991CB5B4E1003ACFD2 /* workaday */,
				4B03D0B01CB5B4E1003ACFD2 /* workadayTests */,
				4B03D0BB1CB5B4E1003ACFD2 /* workadayUITests */,
			);
		};
/* End PBXProject section */

/* Begin PBXResourcesBuildPhase section */
		4B03D0981CB5B4E1003ACFD2 /* Resources */ = {
			isa = PBXResourcesBuildPhase;
			buildActionMask = 2147483647;
			files = (
				4BB201D21D492C09003B981B /* Main.storyboard in Resources */,
				4B0B72721D4FD86B000A0849 /* Consent_DataUse.html in Resources */,
				4B0B72741D4FD86B000A0849 /* Consent_Welcome.html in Resources */,
				4B0B72711D4FD86B000A0849 /* Consent_DataGathering.html in Resources */,
				4B0B72751D4FD86B000A0849 /* Consent_Withdrawing.html in Resources */,
				4B03D0AB1CB5B4E1003ACFD2 /* LaunchScreen.storyboard in Resources */,
				4B0B72731D4FD86B000A0849 /* Consent_Privacy.html in Resources */,
				4B03D0A81CB5B4E1003ACFD2 /* Assets.xcassets in Resources */,
			);
			runOnlyForDeploymentPostprocessing = 0;
		};
		4B03D0AF1CB5B4E1003ACFD2 /* Resources */ = {
			isa = PBXResourcesBuildPhase;
			buildActionMask = 2147483647;
			files = (
			);
			runOnlyForDeploymentPostprocessing = 0;
		};
		4B03D0BA1CB5B4E1003ACFD2 /* Resources */ = {
			isa = PBXResourcesBuildPhase;
			buildActionMask = 2147483647;
			files = (
			);
			runOnlyForDeploymentPostprocessing = 0;
		};
/* End PBXResourcesBuildPhase section */

/* Begin PBXShellScriptBuildPhase section */
		163A1DF4D2E84E82F2108F97 /* [CP] Copy Pods Resources */ = {
			isa = PBXShellScriptBuildPhase;
			buildActionMask = 2147483647;
			files = (
			);
			inputPaths = (
			);
			name = "[CP] Copy Pods Resources";
			outputPaths = (
			);
			runOnlyForDeploymentPostprocessing = 0;
			shellPath = /bin/sh;
			shellScript = "\"${SRCROOT}/Pods/Target Support Files/Pods-workadayTests/Pods-workadayTests-resources.sh\"\n";
			showEnvVarsInLog = 0;
		};
		2174DB59C49CD903BC80225D /* [CP] Embed Pods Frameworks */ = {
			isa = PBXShellScriptBuildPhase;
			buildActionMask = 2147483647;
			files = (
			);
			inputPaths = (
			);
			name = "[CP] Embed Pods Frameworks";
			outputPaths = (
			);
			runOnlyForDeploymentPostprocessing = 0;
			shellPath = /bin/sh;
			shellScript = "\"${SRCROOT}/Pods/Target Support Files/Pods-workaday/Pods-workaday-frameworks.sh\"\n";
			showEnvVarsInLog = 0;
		};
		5CE2AB790B246BDB61EE6D71 /* [CP] Copy Pods Resources */ = {
			isa = PBXShellScriptBuildPhase;
			buildActionMask = 2147483647;
			files = (
			);
			inputPaths = (
			);
			name = "[CP] Copy Pods Resources";
			outputPaths = (
			);
			runOnlyForDeploymentPostprocessing = 0;
			shellPath = /bin/sh;
			shellScript = "\"${SRCROOT}/Pods/Target Support Files/Pods-workaday/Pods-workaday-resources.sh\"\n";
			showEnvVarsInLog = 0;
		};
		7B1C10E4EF57A94C88404BA6 /* [CP] Check Pods Manifest.lock */ = {
			isa = PBXShellScriptBuildPhase;
			buildActionMask = 2147483647;
			files = (
			);
			inputPaths = (
			);
			name = "[CP] Check Pods Manifest.lock";
			outputPaths = (
			);
			runOnlyForDeploymentPostprocessing = 0;
			shellPath = /bin/sh;
			shellScript = "diff \"${PODS_ROOT}/../Podfile.lock\" \"${PODS_ROOT}/Manifest.lock\" > /dev/null\nif [ $? != 0 ] ; then\n    # print error to STDERR\n    echo \"error: The sandbox is not in sync with the Podfile.lock. Run 'pod install' or update your CocoaPods installation.\" >&2\n    exit 1\nfi\n";
			showEnvVarsInLog = 0;
		};
		9E759C7A9F19FF1FB105D681 /* [CP] Check Pods Manifest.lock */ = {
			isa = PBXShellScriptBuildPhase;
			buildActionMask = 2147483647;
			files = (
			);
			inputPaths = (
			);
			name = "[CP] Check Pods Manifest.lock";
			outputPaths = (
			);
			runOnlyForDeploymentPostprocessing = 0;
			shellPath = /bin/sh;
			shellScript = "diff \"${PODS_ROOT}/../Podfile.lock\" \"${PODS_ROOT}/Manifest.lock\" > /dev/null\nif [ $? != 0 ] ; then\n    # print error to STDERR\n    echo \"error: The sandbox is not in sync with the Podfile.lock. Run 'pod install' or update your CocoaPods installation.\" >&2\n    exit 1\nfi\n";
			showEnvVarsInLog = 0;
		};
		D95181F4E4979F5777257C0B /* [CP] Embed Pods Frameworks */ = {
			isa = PBXShellScriptBuildPhase;
			buildActionMask = 2147483647;
			files = (
			);
			inputPaths = (
			);
			name = "[CP] Embed Pods Frameworks";
			outputPaths = (
			);
			runOnlyForDeploymentPostprocessing = 0;
			shellPath = /bin/sh;
			shellScript = "\"${SRCROOT}/Pods/Target Support Files/Pods-workadayTests/Pods-workadayTests-frameworks.sh\"\n";
			showEnvVarsInLog = 0;
		};
/* End PBXShellScriptBuildPhase section */

/* Begin PBXSourcesBuildPhase section */
		4B03D0961CB5B4E1003ACFD2 /* Sources */ = {
			isa = PBXSourcesBuildPhase;
			buildActionMask = 2147483647;
			files = (
				4B1550E91CBDAB2000878588 /* ResearchContainerSegue.swift in Sources */,
				4B0BD26A1CBEA7DA009E2AB1 /* StudyTasks.swift in Sources */,
				4BB201DF1D496293003B981B /* SSRadioButton.swift in Sources */,
				4B03D0A01CB5B4E1003ACFD2 /* ViewController.swift in Sources */,
				4B0B72771D500493000A0849 /* ConsentUtils.swift in Sources */,
				4B303AD21D48009C00AA6B5A /* Extensions.swift in Sources */,
				4B03D0A61CB5B4E1003ACFD2 /* workaday.xcdatamodeld in Sources */,
				4B303ADC1D4816BB00AA6B5A /* PamCollectionViewCell.swift in Sources */,
				4B303AD41D4805BE00AA6B5A /* Constants.swift in Sources */,
				4B4325D31CBF1A1E001F054C /* WithdrawViewController.swift in Sources */,
				4BB201D61D495527003B981B /* WeekendQuestionViewController.swift in Sources */,
				4B303ADA1D48168D00AA6B5A /* PamHeaderView.swift in Sources */,
				4BB201D41D4952F2003B981B /* WeekdayQuestionViewController.swift in Sources */,
				4BB201E21D4970D9003B981B /* WeekdayIntroViewController.swift in Sources */,
				4B03D09E1CB5B4E1003ACFD2 /* AppDelegate.swift in Sources */,
				4B1550FC1CBE9EA600878588 /* ActivityViewController.swift in Sources */,
				4B0BD2731CBED695009E2AB1 /* ProfileStaticTableViewCell.swift in Sources */,
				4B1550DC1CBD963700878588 /* OnboardingViewController.swift in Sources */,
				4B0BD2701CBED633009E2AB1 /* ProfileHeaderView.swift in Sources */,
				4BB201E41D4A529F003B981B /* WeekendIntroViewController.swift in Sources */,
				4BB201E01D496293003B981B /* SSRadioButtonsController.swift in Sources */,
				4BC26D8C1D4BF2C400C2D7F6 /* SurveyViewContoller.swift in Sources */,
				4B0BD2681CBEA1E9009E2AB1 /* ProfileViewController.swift in Sources */,
				4BBA8AF81CC04E400085032D /* LoginViewController.swift in Sources */,
				4B1550E61CBDA91D00878588 /* ConsentDocument.swift in Sources */,
				4B303AD81D48167000AA6B5A /* PamViewController.swift in Sources */,
			);
			runOnlyForDeploymentPostprocessing = 0;
		};
		4B03D0AD1CB5B4E1003ACFD2 /* Sources */ = {
			isa = PBXSourcesBuildPhase;
			buildActionMask = 2147483647;
			files = (
				4B03D0B61CB5B4E1003ACFD2 /* workadayTests.swift in Sources */,
			);
			runOnlyForDeploymentPostprocessing = 0;
		};
		4B03D0B81CB5B4E1003ACFD2 /* Sources */ = {
			isa = PBXSourcesBuildPhase;
			buildActionMask = 2147483647;
			files = (
				4B03D0C11CB5B4E1003ACFD2 /* workadayUITests.swift in Sources */,
			);
			runOnlyForDeploymentPostprocessing = 0;
		};
/* End PBXSourcesBuildPhase section */

/* Begin PBXTargetDependency section */
		4B03D0B31CB5B4E1003ACFD2 /* PBXTargetDependency */ = {
			isa = PBXTargetDependency;
			target = 4B03D0991CB5B4E1003ACFD2 /* workaday */;
			targetProxy = 4B03D0B21CB5B4E1003ACFD2 /* PBXContainerItemProxy */;
		};
		4B03D0BE1CB5B4E1003ACFD2 /* PBXTargetDependency */ = {
			isa = PBXTargetDependency;
			target = 4B03D0991CB5B4E1003ACFD2 /* workaday */;
			targetProxy = 4B03D0BD1CB5B4E1003ACFD2 /* PBXContainerItemProxy */;
		};
/* End PBXTargetDependency section */

/* Begin PBXVariantGroup section */
		4B03D0A91CB5B4E1003ACFD2 /* LaunchScreen.storyboard */ = {
			isa = PBXVariantGroup;
			children = (
				4B03D0AA1CB5B4E1003ACFD2 /* Base */,
			);
			name = LaunchScreen.storyboard;
			sourceTree = "<group>";
		};
		4BB201D01D492C09003B981B /* Main.storyboard */ = {
			isa = PBXVariantGroup;
			children = (
				4BB201D11D492C09003B981B /* Base */,
			);
			name = Main.storyboard;
			sourceTree = "<group>";
		};
/* End PBXVariantGroup section */

/* Begin XCBuildConfiguration section */
		4B03D0C31CB5B4E1003ACFD2 /* Debug */ = {
			isa = XCBuildConfiguration;
			buildSettings = {
				ALWAYS_SEARCH_USER_PATHS = NO;
				CLANG_ANALYZER_NONNULL = YES;
				CLANG_CXX_LANGUAGE_STANDARD = "gnu++0x";
				CLANG_CXX_LIBRARY = "libc++";
				CLANG_ENABLE_MODULES = YES;
				CLANG_ENABLE_OBJC_ARC = YES;
				CLANG_WARN_BOOL_CONVERSION = YES;
				CLANG_WARN_CONSTANT_CONVERSION = YES;
				CLANG_WARN_DIRECT_OBJC_ISA_USAGE = YES_ERROR;
				CLANG_WARN_EMPTY_BODY = YES;
				CLANG_WARN_ENUM_CONVERSION = YES;
				CLANG_WARN_INFINITE_RECURSION = YES;
				CLANG_WARN_INT_CONVERSION = YES;
				CLANG_WARN_OBJC_ROOT_CLASS = YES_ERROR;
				CLANG_WARN_SUSPICIOUS_MOVE = YES;
				CLANG_WARN_UNREACHABLE_CODE = YES;
				CLANG_WARN__DUPLICATE_METHOD_MATCH = YES;
				"CODE_SIGN_IDENTITY[sdk=iphoneos*]" = "iPhone Developer";
				COPY_PHASE_STRIP = NO;
				DEBUG_INFORMATION_FORMAT = dwarf;
				ENABLE_STRICT_OBJC_MSGSEND = YES;
				ENABLE_TESTABILITY = YES;
				GCC_C_LANGUAGE_STANDARD = gnu99;
				GCC_DYNAMIC_NO_PIC = NO;
				GCC_NO_COMMON_BLOCKS = YES;
				GCC_OPTIMIZATION_LEVEL = 0;
				GCC_PREPROCESSOR_DEFINITIONS = (
					"DEBUG=1",
					"$(inherited)",
				);
				GCC_WARN_64_TO_32_BIT_CONVERSION = YES;
				GCC_WARN_ABOUT_RETURN_TYPE = YES_ERROR;
				GCC_WARN_UNDECLARED_SELECTOR = YES;
				GCC_WARN_UNINITIALIZED_AUTOS = YES_AGGRESSIVE;
				GCC_WARN_UNUSED_FUNCTION = YES;
				GCC_WARN_UNUSED_VARIABLE = YES;
				IPHONEOS_DEPLOYMENT_TARGET = 9.3;
				MTL_ENABLE_DEBUG_INFO = YES;
				ONLY_ACTIVE_ARCH = YES;
				SDKROOT = iphoneos;
				SWIFT_OPTIMIZATION_LEVEL = "-Onone";
				SWIFT_VERSION = 2.3;
			};
			name = Debug;
		};
		4B03D0C41CB5B4E1003ACFD2 /* Release */ = {
			isa = XCBuildConfiguration;
			buildSettings = {
				ALWAYS_SEARCH_USER_PATHS = NO;
				CLANG_ANALYZER_NONNULL = YES;
				CLANG_CXX_LANGUAGE_STANDARD = "gnu++0x";
				CLANG_CXX_LIBRARY = "libc++";
				CLANG_ENABLE_MODULES = YES;
				CLANG_ENABLE_OBJC_ARC = YES;
				CLANG_WARN_BOOL_CONVERSION = YES;
				CLANG_WARN_CONSTANT_CONVERSION = YES;
				CLANG_WARN_DIRECT_OBJC_ISA_USAGE = YES_ERROR;
				CLANG_WARN_EMPTY_BODY = YES;
				CLANG_WARN_ENUM_CONVERSION = YES;
				CLANG_WARN_INFINITE_RECURSION = YES;
				CLANG_WARN_INT_CONVERSION = YES;
				CLANG_WARN_OBJC_ROOT_CLASS = YES_ERROR;
				CLANG_WARN_SUSPICIOUS_MOVE = YES;
				CLANG_WARN_UNREACHABLE_CODE = YES;
				CLANG_WARN__DUPLICATE_METHOD_MATCH = YES;
				"CODE_SIGN_IDENTITY[sdk=iphoneos*]" = "iPhone Developer";
				COPY_PHASE_STRIP = NO;
				DEBUG_INFORMATION_FORMAT = "dwarf-with-dsym";
				ENABLE_NS_ASSERTIONS = NO;
				ENABLE_STRICT_OBJC_MSGSEND = YES;
				GCC_C_LANGUAGE_STANDARD = gnu99;
				GCC_NO_COMMON_BLOCKS = YES;
				GCC_WARN_64_TO_32_BIT_CONVERSION = YES;
				GCC_WARN_ABOUT_RETURN_TYPE = YES_ERROR;
				GCC_WARN_UNDECLARED_SELECTOR = YES;
				GCC_WARN_UNINITIALIZED_AUTOS = YES_AGGRESSIVE;
				GCC_WARN_UNUSED_FUNCTION = YES;
				GCC_WARN_UNUSED_VARIABLE = YES;
				IPHONEOS_DEPLOYMENT_TARGET = 9.3;
				MTL_ENABLE_DEBUG_INFO = NO;
				SDKROOT = iphoneos;
				SWIFT_OPTIMIZATION_LEVEL = "-Owholemodule";
				SWIFT_VERSION = 2.3;
				VALIDATE_PRODUCT = YES;
			};
			name = Release;
		};
		4B03D0C61CB5B4E1003ACFD2 /* Debug */ = {
			isa = XCBuildConfiguration;
			baseConfigurationReference = 3C091887F9137DFAA0303860 /* Pods-workaday.debug.xcconfig */;
			buildSettings = {
				ALWAYS_EMBED_SWIFT_STANDARD_LIBRARIES = YES;
				ASSETCATALOG_COMPILER_APPICON_NAME = AppIcon;
				CODE_SIGN_IDENTITY = "iPhone Distribution";
				"CODE_SIGN_IDENTITY[sdk=iphoneos*]" = "iPhone Developer";
				INFOPLIST_FILE = workaday/Info.plist;
				LD_RUNPATH_SEARCH_PATHS = "$(inherited) @executable_path/Frameworks";
				PRODUCT_BUNDLE_IDENTIFIER = org.rti.workaday;
				PRODUCT_NAME = workday;
				PROVISIONING_PROFILE = "";
				SWIFT_VERSION = 2.3;
			};
			name = Debug;
		};
		4B03D0C71CB5B4E1003ACFD2 /* Release */ = {
			isa = XCBuildConfiguration;
			baseConfigurationReference = 2F4B737592C1BFA64230E4E9 /* Pods-workaday.release.xcconfig */;
			buildSettings = {
				ALWAYS_EMBED_SWIFT_STANDARD_LIBRARIES = YES;
				ASSETCATALOG_COMPILER_APPICON_NAME = AppIcon;
				CODE_SIGN_IDENTITY = "iPhone Distribution";
				"CODE_SIGN_IDENTITY[sdk=iphoneos*]" = "iPhone Developer";
				INFOPLIST_FILE = workaday/Info.plist;
				LD_RUNPATH_SEARCH_PATHS = "$(inherited) @executable_path/Frameworks";
				PRODUCT_BUNDLE_IDENTIFIER = org.rti.workaday;
				PRODUCT_NAME = workday;
				PROVISIONING_PROFILE = "";
				SWIFT_VERSION = 2.3;
			};
			name = Release;
		};
		4B03D0C91CB5B4E1003ACFD2 /* Debug */ = {
			isa = XCBuildConfiguration;
			baseConfigurationReference = 8DE3DCEDDFF1930D0F10FF05 /* Pods-workadayTests.debug.xcconfig */;
			buildSettings = {
				ALWAYS_EMBED_SWIFT_STANDARD_LIBRARIES = YES;
				BUNDLE_LOADER = "$(TEST_HOST)";
				INFOPLIST_FILE = workadayTests/Info.plist;
				LD_RUNPATH_SEARCH_PATHS = "$(inherited) @executable_path/Frameworks @loader_path/Frameworks";
				PRODUCT_BUNDLE_IDENTIFIER = org.rti.workadayTests;
				PRODUCT_NAME = "$(TARGET_NAME)";
				SWIFT_VERSION = 2.3;
				TEST_HOST = "$(BUILT_PRODUCTS_DIR)/workday.app/workday";
			};
			name = Debug;
		};
		4B03D0CA1CB5B4E1003ACFD2 /* Release */ = {
			isa = XCBuildConfiguration;
			baseConfigurationReference = 2ACF69EA6562BF6E98951F48 /* Pods-workadayTests.release.xcconfig */;
			buildSettings = {
				ALWAYS_EMBED_SWIFT_STANDARD_LIBRARIES = YES;
				BUNDLE_LOADER = "$(TEST_HOST)";
				INFOPLIST_FILE = workadayTests/Info.plist;
				LD_RUNPATH_SEARCH_PATHS = "$(inherited) @executable_path/Frameworks @loader_path/Frameworks";
				PRODUCT_BUNDLE_IDENTIFIER = org.rti.workadayTests;
				PRODUCT_NAME = "$(TARGET_NAME)";
				SWIFT_VERSION = 2.3;
				TEST_HOST = "$(BUILT_PRODUCTS_DIR)/workday.app/workday";
			};
			name = Release;
		};
		4B03D0CC1CB5B4E1003ACFD2 /* Debug */ = {
			isa = XCBuildConfiguration;
			buildSettings = {
				INFOPLIST_FILE = workadayUITests/Info.plist;
				LD_RUNPATH_SEARCH_PATHS = "$(inherited) @executable_path/Frameworks @loader_path/Frameworks";
				PRODUCT_BUNDLE_IDENTIFIER = org.rti.workadayUITests;
				PRODUCT_NAME = "$(TARGET_NAME)";
				SWIFT_VERSION = 2.3;
				TEST_TARGET_NAME = workaday;
			};
			name = Debug;
		};
		4B03D0CD1CB5B4E1003ACFD2 /* Release */ = {
			isa = XCBuildConfiguration;
			buildSettings = {
				INFOPLIST_FILE = workadayUITests/Info.plist;
				LD_RUNPATH_SEARCH_PATHS = "$(inherited) @executable_path/Frameworks @loader_path/Frameworks";
				PRODUCT_BUNDLE_IDENTIFIER = org.rti.workadayUITests;
				PRODUCT_NAME = "$(TARGET_NAME)";
				SWIFT_VERSION = 2.3;
				TEST_TARGET_NAME = workaday;
			};
			name = Release;
		};
/* End XCBuildConfiguration section */

/* Begin XCConfigurationList section */
		4B03D0951CB5B4E1003ACFD2 /* Build configuration list for PBXProject "workaday" */ = {
			isa = XCConfigurationList;
			buildConfigurations = (
				4B03D0C31CB5B4E1003ACFD2 /* Debug */,
				4B03D0C41CB5B4E1003ACFD2 /* Release */,
			);
			defaultConfigurationIsVisible = 0;
			defaultConfigurationName = Release;
		};
		4B03D0C51CB5B4E1003ACFD2 /* Build configuration list for PBXNativeTarget "workaday" */ = {
			isa = XCConfigurationList;
			buildConfigurations = (
				4B03D0C61CB5B4E1003ACFD2 /* Debug */,
				4B03D0C71CB5B4E1003ACFD2 /* Release */,
			);
			defaultConfigurationIsVisible = 0;
			defaultConfigurationName = Release;
		};
		4B03D0C81CB5B4E1003ACFD2 /* Build configuration list for PBXNativeTarget "workadayTests" */ = {
			isa = XCConfigurationList;
			buildConfigurations = (
				4B03D0C91CB5B4E1003ACFD2 /* Debug */,
				4B03D0CA1CB5B4E1003ACFD2 /* Release */,
			);
			defaultConfigurationIsVisible = 0;
			defaultConfigurationName = Release;
		};
		4B03D0CB1CB5B4E1003ACFD2 /* Build configuration list for PBXNativeTarget "workadayUITests" */ = {
			isa = XCConfigurationList;
			buildConfigurations = (
				4B03D0CC1CB5B4E1003ACFD2 /* Debug */,
				4B03D0CD1CB5B4E1003ACFD2 /* Release */,
			);
			defaultConfigurationIsVisible = 0;
			defaultConfigurationName = Release;
		};
/* End XCConfigurationList section */

/* Begin XCVersionGroup section */
		4B03D0A41CB5B4E1003ACFD2 /* workaday.xcdatamodeld */ = {
			isa = XCVersionGroup;
			children = (
				4B03D0A51CB5B4E1003ACFD2 /* workaday.xcdatamodel */,
			);
			currentVersion = 4B03D0A51CB5B4E1003ACFD2 /* workaday.xcdatamodel */;
			path = workaday.xcdatamodeld;
			sourceTree = "<group>";
			versionGroupType = wrapper.xcdatamodel;
		};
/* End XCVersionGroup section */
	};
	rootObject = 4B03D0921CB5B4E1003ACFD2 /* Project object */;
}
